
Microsoft Visual Studio Solution File, Format Version 12.00
# Visual Studio Version 17
VisualStudioVersion = 17.6.33829.357
MinimumVisualStudioVersion = 10.0.40219.1
Project("{FAE04EC0-301F-11D3-BF4B-00C04F79EFBC}") = "WebAPI", "WebAPI\WebAPI.csproj", "{2A3E3DE5-97AA-4EB7-83A8-80F0623550BF}"
EndProject
Project("{FAE04EC0-301F-11D3-BF4B-00C04F79EFBC}") = "Tests", "Tests\Tests.csproj", "{4487BDCC-167E-4E5C-A402-A4953C4D6FEF}"
EndProject
Project("{FAE04EC0-301F-11D3-BF4B-00C04F79EFBC}") = "Business", "Business\Business.csproj", "{2F6B5D4A-B6C1-4651-B36E-1832FA98B0AA}"
EndProject
Project("{FAE04EC0-301F-11D3-BF4B-00C04F79EFBC}") = "DataAccess", "DataAccess\DataAccess.csproj", "{D0106D32-60CD-436C-A111-813364394CFB}"
EndProject
Project("{FAE04EC0-301F-11D3-BF4B-00C04F79EFBC}") = "Core", "Core\Core.csproj", "{1EBC1754-784B-4907-8DDB-FB836A8D0360}"
EndProject
Project("{FAE04EC0-301F-11D3-BF4B-00C04F79EFBC}") = "Entities", "Entities\Entities.csproj", "{51EBF68D-CBAC-4038-B64A-24E7B01CBC62}"
EndProject
Project("{FAE04EC0-301F-11D3-BF4B-00C04F79EFBC}") = "UIPreparation", "UIPreparation\UIPreparation.csproj", "{F82D7ADB-A170-4F49-B515-8249759928F1}"
EndProject
Global
	GlobalSection(SolutionConfigurationPlatforms) = preSolution
		Debug|Any CPU = Debug|Any CPU
		Release|Any CPU = Release|Any CPU
	EndGlobalSection
	GlobalSection(ProjectConfigurationPlatforms) = postSolution
		{2A3E3DE5-97AA-4EB7-83A8-80F0623550BF}.Debug|Any CPU.ActiveCfg = Debug|Any CPU
		{2A3E3DE5-97AA-4EB7-83A8-80F0623550BF}.Debug|Any CPU.Build.0 = Debug|Any CPU
		{2A3E3DE5-97AA-4EB7-83A8-80F0623550BF}.Release|Any CPU.ActiveCfg = Release|Any CPU
		{2A3E3DE5-97AA-4EB7-83A8-80F0623550BF}.Release|Any CPU.Build.0 = Release|Any CPU
		{4487BDCC-167E-4E5C-A402-A4953C4D6FEF}.Debug|Any CPU.ActiveCfg = Debug|Any CPU
		{4487BDCC-167E-4E5C-A402-A4953C4D6FEF}.Debug|Any CPU.Build.0 = Debug|Any CPU
		{4487BDCC-167E-4E5C-A402-A4953C4D6FEF}.Release|Any CPU.ActiveCfg = Release|Any CPU
		{4487BDCC-167E-4E5C-A402-A4953C4D6FEF}.Release|Any CPU.Build.0 = Release|Any CPU
		{2F6B5D4A-B6C1-4651-B36E-1832FA98B0AA}.Debug|Any CPU.ActiveCfg = Debug|Any CPU
		{2F6B5D4A-B6C1-4651-B36E-1832FA98B0AA}.Debug|Any CPU.Build.0 = Debug|Any CPU
		{2F6B5D4A-B6C1-4651-B36E-1832FA98B0AA}.Release|Any CPU.ActiveCfg = Release|Any CPU
		{2F6B5D4A-B6C1-4651-B36E-1832FA98B0AA}.Release|Any CPU.Build.0 = Release|Any CPU
		{D0106D32-60CD-436C-A111-813364394CFB}.Debug|Any CPU.ActiveCfg = Debug|Any CPU
		{D0106D32-60CD-436C-A111-813364394CFB}.Debug|Any CPU.Build.0 = Debug|Any CPU
		{D0106D32-60CD-436C-A111-813364394CFB}.Release|Any CPU.ActiveCfg = Release|Any CPU
		{D0106D32-60CD-436C-A111-813364394CFB}.Release|Any CPU.Build.0 = Release|Any CPU
		{1EBC1754-784B-4907-8DDB-FB836A8D0360}.Debug|Any CPU.ActiveCfg = Debug|Any CPU
		{1EBC1754-784B-4907-8DDB-FB836A8D0360}.Debug|Any CPU.Build.0 = Debug|Any CPU
		{1EBC1754-784B-4907-8DDB-FB836A8D0360}.Release|Any CPU.ActiveCfg = Release|Any CPU
		{1EBC1754-784B-4907-8DDB-FB836A8D0360}.Release|Any CPU.Build.0 = Release|Any CPU
		{51EBF68D-CBAC-4038-B64A-24E7B01CBC62}.Debug|Any CPU.ActiveCfg = Debug|Any CPU
		{51EBF68D-CBAC-4038-B64A-24E7B01CBC62}.Debug|Any CPU.Build.0 = Debug|Any CPU
		{51EBF68D-CBAC-4038-B64A-24E7B01CBC62}.Release|Any CPU.ActiveCfg = Release|Any CPU
		{51EBF68D-CBAC-4038-B64A-24E7B01CBC62}.Release|Any CPU.Build.0 = Release|Any CPU
		{F82D7ADB-A170-4F49-B515-8249759928F1}.Debug|Any CPU.ActiveCfg = Debug|Any CPU
		{F82D7ADB-A170-4F49-B515-8249759928F1}.Debug|Any CPU.Build.0 = Debug|Any CPU
		{F82D7ADB-A170-4F49-B515-8249759928F1}.Release|Any CPU.ActiveCfg = Release|Any CPU
		{F82D7ADB-A170-4F49-B515-8249759928F1}.Release|Any CPU.Build.0 = Release|Any CPU
	EndGlobalSection
	GlobalSection(SolutionProperties) = preSolution
		HideSolutionNode = FALSE
	EndGlobalSection
	GlobalSection(ExtensibilityGlobals) = postSolution
		SolutionGuid = {32E14E5B-6D58-4A01-9EF2-CBCEA2EEC9F0}
	EndGlobalSection
EndGlobal
